
Microsoft Visual Studio Solution File, Format Version 12.00
# Visual Studio 15
VisualStudioVersion = 15.0.27004.2002
MinimumVisualStudioVersion = 10.0.40219.1
Project("{FAE04EC0-301F-11D3-BF4B-00C04F79EFBC}") = "TicketSale.Console", "TicketSale.Console\TicketSale.Console.csproj", "{1BECD970-3120-4110-A5EA-154A0AEE33D2}"
EndProject
Global
	GlobalSection(SolutionConfigurationPlatforms) = preSolution
		Debug|Any CPU = Debug|Any CPU
		Release|Any CPU = Release|Any CPU
	EndGlobalSection
	GlobalSection(ProjectConfigurationPlatforms) = postSolution
		{1BECD970-3120-4110-A5EA-154A0AEE33D2}.Debug|Any CPU.ActiveCfg = Debug|Any CPU
		{1BECD970-3120-4110-A5EA-154A0AEE33D2}.Debug|Any CPU.Build.0 = Debug|Any CPU
		{1BECD970-3120-4110-A5EA-154A0AEE33D2}.Release|Any CPU.ActiveCfg = Release|Any CPU
		{1BECD970-3120-4110-A5EA-154A0AEE33D2}.Release|Any CPU.Build.0 = Release|Any CPU
	EndGlobalSection
	GlobalSection(SolutionProperties) = preSolution
		HideSolutionNode = FALSE
	EndGlobalSection
	GlobalSection(ExtensibilityGlobals) = postSolution
		SolutionGuid = {3D95CC3A-D0FF-47A2-9C13-A552E00C767E}
	EndGlobalSection
EndGlobal
